
Microsoft Visual Studio Solution File, Format Version 12.00
Project("{FAE04EC0-301F-11D3-BF4B-00C04F79EFBC}") = "NukeBugWithDotnet9", "NukeBugWithDotnet9\NukeBugWithDotnet9.csproj", "{C88EF533-8310-4B2D-881A-DECB4CB53EC5}"
EndProject
Project("{9A19103F-16F7-4668-BE54-9A1E7A4F7556}") = "_build", "build\_build.csproj", "{AA9D3089-CF2C-4104-887F-8F5DD03DF817}"
EndProject
Global
	GlobalSection(SolutionConfigurationPlatforms) = preSolution
		Debug|Any CPU = Debug|Any CPU
		Release|Any CPU = Release|Any CPU
	EndGlobalSection
	GlobalSection(ProjectConfigurationPlatforms) = postSolution
		{AA9D3089-CF2C-4104-887F-8F5DD03DF817}.Debug|Any CPU.ActiveCfg = Debug|Any CPU
		{AA9D3089-CF2C-4104-887F-8F5DD03DF817}.Release|Any CPU.ActiveCfg = Release|Any CPU
		{C88EF533-8310-4B2D-881A-DECB4CB53EC5}.Debug|Any CPU.ActiveCfg = Debug|Any CPU
		{C88EF533-8310-4B2D-881A-DECB4CB53EC5}.Debug|Any CPU.Build.0 = Debug|Any CPU
		{C88EF533-8310-4B2D-881A-DECB4CB53EC5}.Release|Any CPU.ActiveCfg = Release|Any CPU
		{C88EF533-8310-4B2D-881A-DECB4CB53EC5}.Release|Any CPU.Build.0 = Release|Any CPU
	EndGlobalSection
EndGlobal
